
Microsoft Visual Studio Solution File, Format Version 12.00
# Visual Studio 15
VisualStudioVersion = 15.0.28307.102
MinimumVisualStudioVersion = 10.0.40219.1
Project("{FAE04EC0-301F-11D3-BF4B-00C04F79EFBC}") = "DoctorPortal.Web", "DoctorPortal.Web\DoctorPortal.Web.csproj", "{F535B861-A50B-4A36-A63E-CD40B2247AEC}"
EndProject
Global
	GlobalSection(SolutionConfigurationPlatforms) = preSolution
		Debug|Any CPU = Debug|Any CPU
		Release|Any CPU = Release|Any CPU
	EndGlobalSection
	GlobalSection(ProjectConfigurationPlatforms) = postSolution
		{F535B861-A50B-4A36-A63E-CD40B2247AEC}.Debug|Any CPU.ActiveCfg = Debug|Any CPU
		{F535B861-A50B-4A36-A63E-CD40B2247AEC}.Debug|Any CPU.Build.0 = Debug|Any CPU
		{F535B861-A50B-4A36-A63E-CD40B2247AEC}.Release|Any CPU.ActiveCfg = Release|Any CPU
		{F535B861-A50B-4A36-A63E-CD40B2247AEC}.Release|Any CPU.Build.0 = Release|Any CPU
	EndGlobalSection
	GlobalSection(SolutionProperties) = preSolution
		HideSolutionNode = FALSE
	EndGlobalSection
	GlobalSection(ExtensibilityGlobals) = postSolution
		SolutionGuid = {5957158A-7A4A-4175-A021-C675892BB586}
	EndGlobalSection
EndGlobal
